
Microsoft Visual Studio Solution File, Format Version 12.00
# Visual Studio Version 16
VisualStudioVersion = 16.0.29324.140
MinimumVisualStudioVersion = 10.0.40219.1
Project("{9A19103F-16F7-4668-BE54-9A1E7A4F7556}") = "ELO", "ELO.csproj", "{E62FABCA-D57C-4C7D-9515-AF248AE74CB8}"
EndProject
Project("{9A19103F-16F7-4668-BE54-9A1E7A4F7556}") = "RavenBOT.Database.LiteDatabase", "..\..\RavenBOT-Libraries\RavenBOT.Database.LiteDatabase\RavenBOT.Database.LiteDatabase.csproj", "{24EC2D0B-08F7-4D53-B5B8-61FD83805170}"
EndProject
Project("{9A19103F-16F7-4668-BE54-9A1E7A4F7556}") = "RavenBOT.Database.RavenDatabase", "..\..\RavenBOT-Libraries\RavenBOT.Database.RavenDatabase\RavenBOT.Database.RavenDatabase.csproj", "{43547586-418C-4DC8-B1D1-7CD802EE3930}"
EndProject
Project("{9A19103F-16F7-4668-BE54-9A1E7A4F7556}") = "RavenBOT.Core", "..\..\RavenBOT-Libraries\RavenBOT.Core\RavenBOT.Core.csproj", "{DF449017-F4D8-4B25-96B6-6F87F97D01E4}"
EndProject
Project("{9A19103F-16F7-4668-BE54-9A1E7A4F7556}") = "RavenBOT.Common", "..\..\RavenBOT-Libraries\RavenBOT.Common\RavenBOT.Common.csproj", "{4F3E32B5-77A4-41F0-931B-72F7201BB508}"
EndProject
Project("{9A19103F-16F7-4668-BE54-9A1E7A4F7556}") = "ELO Dev", "ELO Dev.csproj", "{A995A62F-56FD-4AC6-8E1C-1DB95A436ABD}"
EndProject
Global
	GlobalSection(SolutionConfigurationPlatforms) = preSolution
		Debug|Any CPU = Debug|Any CPU
		Release|Any CPU = Release|Any CPU
	EndGlobalSection
	GlobalSection(ProjectConfigurationPlatforms) = postSolution
		{E62FABCA-D57C-4C7D-9515-AF248AE74CB8}.Debug|Any CPU.ActiveCfg = Debug|Any CPU
		{E62FABCA-D57C-4C7D-9515-AF248AE74CB8}.Debug|Any CPU.Build.0 = Debug|Any CPU
		{E62FABCA-D57C-4C7D-9515-AF248AE74CB8}.Release|Any CPU.ActiveCfg = Release|Any CPU
		{E62FABCA-D57C-4C7D-9515-AF248AE74CB8}.Release|Any CPU.Build.0 = Release|Any CPU
		{24EC2D0B-08F7-4D53-B5B8-61FD83805170}.Debug|Any CPU.ActiveCfg = Debug|Any CPU
		{24EC2D0B-08F7-4D53-B5B8-61FD83805170}.Debug|Any CPU.Build.0 = Debug|Any CPU
		{24EC2D0B-08F7-4D53-B5B8-61FD83805170}.Release|Any CPU.ActiveCfg = Release|Any CPU
		{24EC2D0B-08F7-4D53-B5B8-61FD83805170}.Release|Any CPU.Build.0 = Release|Any CPU
		{43547586-418C-4DC8-B1D1-7CD802EE3930}.Debug|Any CPU.ActiveCfg = Debug|Any CPU
		{43547586-418C-4DC8-B1D1-7CD802EE3930}.Debug|Any CPU.Build.0 = Debug|Any CPU
		{43547586-418C-4DC8-B1D1-7CD802EE3930}.Release|Any CPU.ActiveCfg = Release|Any CPU
		{43547586-418C-4DC8-B1D1-7CD802EE3930}.Release|Any CPU.Build.0 = Release|Any CPU
		{DF449017-F4D8-4B25-96B6-6F87F97D01E4}.Debug|Any CPU.ActiveCfg = Debug|Any CPU
		{DF449017-F4D8-4B25-96B6-6F87F97D01E4}.Debug|Any CPU.Build.0 = Debug|Any CPU
		{DF449017-F4D8-4B25-96B6-6F87F97D01E4}.Release|Any CPU.ActiveCfg = Release|Any CPU
		{DF449017-F4D8-4B25-96B6-6F87F97D01E4}.Release|Any CPU.Build.0 = Release|Any CPU
		{4F3E32B5-77A4-41F0-931B-72F7201BB508}.Debug|Any CPU.ActiveCfg = Debug|Any CPU
		{4F3E32B5-77A4-41F0-931B-72F7201BB508}.Debug|Any CPU.Build.0 = Debug|Any CPU
		{4F3E32B5-77A4-41F0-931B-72F7201BB508}.Release|Any CPU.ActiveCfg = Release|Any CPU
		{4F3E32B5-77A4-41F0-931B-72F7201BB508}.Release|Any CPU.Build.0 = Release|Any CPU
		{A995A62F-56FD-4AC6-8E1C-1DB95A436ABD}.Debug|Any CPU.ActiveCfg = Debug|Any CPU
		{A995A62F-56FD-4AC6-8E1C-1DB95A436ABD}.Debug|Any CPU.Build.0 = Debug|Any CPU
		{A995A62F-56FD-4AC6-8E1C-1DB95A436ABD}.Release|Any CPU.ActiveCfg = Release|Any CPU
		{A995A62F-56FD-4AC6-8E1C-1DB95A436ABD}.Release|Any CPU.Build.0 = Release|Any CPU
	EndGlobalSection
	GlobalSection(SolutionProperties) = preSolution
		HideSolutionNode = FALSE
	EndGlobalSection
	GlobalSection(ExtensibilityGlobals) = postSolution
		SolutionGuid = {B2EB3D88-C4E9-402A-9A12-9854DFBCD9DE}
	EndGlobalSection
EndGlobal
